
Microsoft Visual Studio Solution File, Format Version 12.00
# Visual Studio 2012
Project("{8BC9CEB8-8B4A-11D0-8D11-00A0C91BC942}") = "Practica2", "Practica2.vcxproj", "{54DD57E4-FBB9-40C8-80BE-94F0802D9FD4}"
EndProject
Global
	GlobalSection(SolutionConfigurationPlatforms) = preSolution
		Debug|Win32 = Debug|Win32
		Release|Win32 = Release|Win32
	EndGlobalSection
	GlobalSection(ProjectConfigurationPlatforms) = postSolution
		{54DD57E4-FBB9-40C8-80BE-94F0802D9FD4}.Debug|Win32.ActiveCfg = Debug|Win32
		{54DD57E4-FBB9-40C8-80BE-94F0802D9FD4}.Debug|Win32.Build.0 = Debug|Win32
		{54DD57E4-FBB9-40C8-80BE-94F0802D9FD4}.Release|Win32.ActiveCfg = Release|Win32
		{54DD57E4-FBB9-40C8-80BE-94F0802D9FD4}.Release|Win32.Build.0 = Release|Win32
	EndGlobalSection
	GlobalSection(SolutionProperties) = preSolution
		HideSolutionNode = FALSE
	EndGlobalSection
EndGlobal
